// !$*UTF8*$!
{
	archiveVersion = 1;
	classes = {
	};
	objectVersion = 46;
	objects = {

/* Begin PBXBuildFile section */
		1B48E6CC1DDEAAF70002ED52 /* TVDownloadManager.h in Headers */ = {isa = PBXBuildFile; fileRef = 1B48E6CA1DDEAAF70002ED52 /* TVDownloadManager.h */; };
		1B48E6CD1DDEAAF70002ED52 /* TVDownloadManager.m in Sources */ = {isa = PBXBuildFile; fileRef = 1B48E6CB1DDEAAF70002ED52 /* TVDownloadManager.m */; };
		1B48E6D01DDEAB0B0002ED52 /* TVDownloadItem.h in Headers */ = {isa = PBXBuildFile; fileRef = 1B48E6CE1DDEAB0B0002ED52 /* TVDownloadItem.h */; };
		1B48E6D11DDEAB0B0002ED52 /* TVDownloadItem.m in Sources */ = {isa = PBXBuildFile; fileRef = 1B48E6CF1DDEAB0B0002ED52 /* TVDownloadItem.m */; };
		1B48E6D81DDEABB30002ED52 /* TVEnabler+Private.h in Headers */ = {isa = PBXBuildFile; fileRef = 1B48E6D61DDEABB30002ED52 /* TVEnabler+Private.h */; };
		1B48E6DD1DDEAC840002ED52 /* TVFile.h in Headers */ = {isa = PBXBuildFile; fileRef = 1B48E6DB1DDEAC840002ED52 /* TVFile.h */; };
		1B48E6DE1DDEAC840002ED52 /* TVFile.m in Sources */ = {isa = PBXBuildFile; fileRef = 1B48E6DC1DDEAC840002ED52 /* TVFile.m */; };
		1B48E6E11DDEAC9C0002ED52 /* TVZipFile.h in Headers */ = {isa = PBXBuildFile; fileRef = 1B48E6DF1DDEAC9C0002ED52 /* TVZipFile.h */; };
		1B48E6E21DDEAC9C0002ED52 /* TVZipFile.m in Sources */ = {isa = PBXBuildFile; fileRef = 1B48E6E01DDEAC9C0002ED52 /* TVZipFile.m */; };
		1B8F90991DDE8362003E8100 /* UnityTVEnabler.h in Headers */ = {isa = PBXBuildFile; fileRef = 1B8F90971DDE8362003E8100 /* UnityTVEnabler.h */; settings = {ATTRIBUTES = (Public, ); }; };
		1B8F90A31DDE83B3003E8100 /* TVEnabler.h in Headers */ = {isa = PBXBuildFile; fileRef = 1B8F90A11DDE83B3003E8100 /* TVEnabler.h */; settings = {ATTRIBUTES = (Public, ); }; };
		1B8F90A41DDE83B3003E8100 /* TVEnabler.m in Sources */ = {isa = PBXBuildFile; fileRef = 1B8F90A21DDE83B3003E8100 /* TVEnabler.m */; };
		1B8F90A71DDE8427003E8100 /* TVLog.h in Headers */ = {isa = PBXBuildFile; fileRef = 1B8F90A51DDE8427003E8100 /* TVLog.h */; };
		1B8F90A81DDE8427003E8100 /* TVLog.m in Sources */ = {isa = PBXBuildFile; fileRef = 1B8F90A61DDE8427003E8100 /* TVLog.m */; };
		1B8F90CA1DDE8C7C003E8100 /* TVEnablerStoryboard.storyboard in Resources */ = {isa = PBXBuildFile; fileRef = 1B8F90C91DDE8C7C003E8100 /* TVEnablerStoryboard.storyboard */; };
		1B8F90EE1DDE8D90003E8100 /* TVEnablerViewController.h in Headers */ = {isa = PBXBuildFile; fileRef = 1B8F90EC1DDE8D90003E8100 /* TVEnablerViewController.h */; };
		1B8F90EF1DDE8D90003E8100 /* TVEnablerViewController.m in Sources */ = {isa = PBXBuildFile; fileRef = 1B8F90ED1DDE8D90003E8100 /* TVEnablerViewController.m */; };
/* End PBXBuildFile section */

/* Begin PBXFileReference section */
		1B48E6CA1DDEAAF70002ED52 /* TVDownloadManager.h */ = {isa = PBXFileReference; fileEncoding = 4; lastKnownFileType = sourcecode.c.h; name = TVDownloadManager.h; path = Downloads/TVDownloadManager.h; sourceTree = "<group>"; };
		1B48E6CB1DDEAAF70002ED52 /* TVDownloadManager.m */ = {isa = PBXFileReference; fileEncoding = 4; lastKnownFileType = sourcecode.c.objc; name = TVDownloadManager.m; path = Downloads/TVDownloadManager.m; sourceTree = "<group>"; };
		1B48E6CE1DDEAB0B0002ED52 /* TVDownloadItem.h */ = {isa = PBXFileReference; fileEncoding = 4; lastKnownFileType = sourcecode.c.h; name = TVDownloadItem.h; path = Downloads/TVDownloadItem.h; sourceTree = "<group>"; };
		1B48E6CF1DDEAB0B0002ED52 /* TVDownloadItem.m */ = {isa = PBXFileReference; fileEncoding = 4; lastKnownFileType = sourcecode.c.objc; name = TVDownloadItem.m; path = Downloads/TVDownloadItem.m; sourceTree = "<group>"; };
		1B48E6D61DDEABB30002ED52 /* TVEnabler+Private.h */ = {isa = PBXFileReference; fileEncoding = 4; lastKnownFileType = sourcecode.c.h; path = "TVEnabler+Private.h"; sourceTree = "<group>"; };
		1B48E6DB1DDEAC840002ED52 /* TVFile.h */ = {isa = PBXFileReference; fileEncoding = 4; lastKnownFileType = sourcecode.c.h; name = TVFile.h; path = Filesystem/TVFile.h; sourceTree = "<group>"; };
		1B48E6DC1DDEAC840002ED52 /* TVFile.m */ = {isa = PBXFileReference; fileEncoding = 4; lastKnownFileType = sourcecode.c.objc; name = TVFile.m; path = Filesystem/TVFile.m; sourceTree = "<group>"; };
		1B48E6DF1DDEAC9C0002ED52 /* TVZipFile.h */ = {isa = PBXFileReference; fileEncoding = 4; lastKnownFileType = sourcecode.c.h; name = TVZipFile.h; path = Filesystem/TVZipFile.h; sourceTree = "<group>"; };
		1B48E6E01DDEAC9C0002ED52 /* TVZipFile.m */ = {isa = PBXFileReference; fileEncoding = 4; lastKnownFileType = sourcecode.c.objc; name = TVZipFile.m; path = Filesystem/TVZipFile.m; sourceTree = "<group>"; };
		1B8F90941DDE8362003E8100 /* UnityTVEnabler.framework */ = {isa = PBXFileReference; explicitFileType = wrapper.framework; includeInIndex = 0; path = UnityTVEnabler.framework; sourceTree = BUILT_PRODUCTS_DIR; };
		1B8F90971DDE8362003E8100 /* UnityTVEnabler.h */ = {isa = PBXFileReference; lastKnownFileType = sourcecode.c.h; path = UnityTVEnabler.h; sourceTree = "<group>"; };
		1B8F90981DDE8362003E8100 /* Info.plist */ = {isa = PBXFileReference; lastKnownFileType = text.plist.xml; path = Info.plist; sourceTree = "<group>"; };
		1B8F90A11DDE83B3003E8100 /* TVEnabler.h */ = {isa = PBXFileReference; fileEncoding = 4; lastKnownFileType = sourcecode.c.h; path = TVEnabler.h; sourceTree = "<group>"; };
		1B8F90A21DDE83B3003E8100 /* TVEnabler.m */ = {isa = PBXFileReference; fileEncoding = 4; lastKnownFileType = sourcecode.c.objc; path = TVEnabler.m; sourceTree = "<group>"; };
		1B8F90A51DDE8427003E8100 /* TVLog.h */ = {isa = PBXFileReference; fileEncoding = 4; lastKnownFileType = sourcecode.c.h; path = TVLog.h; sourceTree = "<group>"; };
		1B8F90A61DDE8427003E8100 /* TVLog.m */ = {isa = PBXFileReference; fileEncoding = 4; lastKnownFileType = sourcecode.c.objc; path = TVLog.m; sourceTree = "<group>"; };
		1B8F90C91DDE8C7C003E8100 /* TVEnablerStoryboard.storyboard */ = {isa = PBXFileReference; fileEncoding = 4; lastKnownFileType = file.storyboard; name = TVEnablerStoryboard.storyboard; path = Resources/TVEnablerStoryboard.storyboard; sourceTree = "<group>"; };
		1B8F90EC1DDE8D90003E8100 /* TVEnablerViewController.h */ = {isa = PBXFileReference; fileEncoding = 4; lastKnownFileType = sourcecode.c.h; name = TVEnablerViewController.h; path = View/TVEnablerViewController.h; sourceTree = "<group>"; };
		1B8F90ED1DDE8D90003E8100 /* TVEnablerViewController.m */ = {isa = PBXFileReference; fileEncoding = 4; lastKnownFileType = sourcecode.c.objc; name = TVEnablerViewController.m; path = View/TVEnablerViewController.m; sourceTree = "<group>"; };
/* End PBXFileReference section */

/* Begin PBXFrameworksBuildPhase section */
		1B8F90901DDE8362003E8100 /* Frameworks */ = {
			isa = PBXFrameworksBuildPhase;
			buildActionMask = 2147483647;
			files = (
			);
			runOnlyForDeploymentPostprocessing = 0;
		};
/* End PBXFrameworksBuildPhase section */

/* Begin PBXGroup section */
		1B48E6C91DDEAAE60002ED52 /* Downloads */ = {
			isa = PBXGroup;
			children = (
				1B48E6CA1DDEAAF70002ED52 /* TVDownloadManager.h */,
				1B48E6CB1DDEAAF70002ED52 /* TVDownloadManager.m */,
				1B48E6CE1DDEAB0B0002ED52 /* TVDownloadItem.h */,
				1B48E6CF1DDEAB0B0002ED52 /* TVDownloadItem.m */,
			);
			name = Downloads;
			sourceTree = "<group>";
		};
		1B48E6DA1DDEAC730002ED52 /* Filesystem */ = {
			isa = PBXGroup;
			children = (
				1B48E6DB1DDEAC840002ED52 /* TVFile.h */,
				1B48E6DC1DDEAC840002ED52 /* TVFile.m */,
				1B48E6DF1DDEAC9C0002ED52 /* TVZipFile.h */,
				1B48E6E01DDEAC9C0002ED52 /* TVZipFile.m */,
			);
			name = Filesystem;
			sourceTree = "<group>";
		};
		1B8F908A1DDE8362003E8100 = {
			isa = PBXGroup;
			children = (
				1B8F90961DDE8362003E8100 /* UnityTVEnabler */,
				1B8F90951DDE8362003E8100 /* Products */,
			);
			sourceTree = "<group>";
		};
		1B8F90951DDE8362003E8100 /* Products */ = {
			isa = PBXGroup;
			children = (
				1B8F90941DDE8362003E8100 /* UnityTVEnabler.framework */,
			);
			name = Products;
			sourceTree = "<group>";
		};
		1B8F90961DDE8362003E8100 /* UnityTVEnabler */ = {
			isa = PBXGroup;
			children = (
				1B48E6DA1DDEAC730002ED52 /* Filesystem */,
				1B48E6C91DDEAAE60002ED52 /* Downloads */,
				1B8F90EB1DDE8D5F003E8100 /* View */,
				1B8F90C81DDE8C5A003E8100 /* Resources */,
				1B8F90971DDE8362003E8100 /* UnityTVEnabler.h */,
				1B8F90981DDE8362003E8100 /* Info.plist */,
				1B8F90A11DDE83B3003E8100 /* TVEnabler.h */,
				1B48E6D61DDEABB30002ED52 /* TVEnabler+Private.h */,
				1B8F90A21DDE83B3003E8100 /* TVEnabler.m */,
				1B8F90A51DDE8427003E8100 /* TVLog.h */,
				1B8F90A61DDE8427003E8100 /* TVLog.m */,
			);
			path = UnityTVEnabler;
			sourceTree = "<group>";
		};
		1B8F90C81DDE8C5A003E8100 /* Resources */ = {
			isa = PBXGroup;
			children = (
				1B8F90C91DDE8C7C003E8100 /* TVEnablerStoryboard.storyboard */,
			);
			name = Resources;
			sourceTree = "<group>";
		};
		1B8F90EB1DDE8D5F003E8100 /* View */ = {
			isa = PBXGroup;
			children = (
				1B8F90EC1DDE8D90003E8100 /* TVEnablerViewController.h */,
				1B8F90ED1DDE8D90003E8100 /* TVEnablerViewController.m */,
			);
			name = View;
			sourceTree = "<group>";
		};
/* End PBXGroup section */

/* Begin PBXHeadersBuildPhase section */
		1B8F90911DDE8362003E8100 /* Headers */ = {
			isa = PBXHeadersBuildPhase;
			buildActionMask = 2147483647;
			files = (
				1B8F90A71DDE8427003E8100 /* TVLog.h in Headers */,
				1B8F90A31DDE83B3003E8100 /* TVEnabler.h in Headers */,
				1B48E6D81DDEABB30002ED52 /* TVEnabler+Private.h in Headers */,
				1B8F90EE1DDE8D90003E8100 /* TVEnablerViewController.h in Headers */,
				1B48E6DD1DDEAC840002ED52 /* TVFile.h in Headers */,
				1B48E6D01DDEAB0B0002ED52 /* TVDownloadItem.h in Headers */,
				1B8F90991DDE8362003E8100 /* UnityTVEnabler.h in Headers */,
				1B48E6E11DDEAC9C0002ED52 /* TVZipFile.h in Headers */,
				1B48E6CC1DDEAAF70002ED52 /* TVDownloadManager.h in Headers */,
			);
			runOnlyForDeploymentPostprocessing = 0;
		};
/* End PBXHeadersBuildPhase section */

/* Begin PBXNativeTarget section */
		1B8F90931DDE8362003E8100 /* UnityTVEnabler */ = {
			isa = PBXNativeTarget;
			buildConfigurationList = 1B8F909C1DDE8362003E8100 /* Build configuration list for PBXNativeTarget "UnityTVEnabler" */;
			buildPhases = (
				1B8F908F1DDE8362003E8100 /* Sources */,
				1B8F90901DDE8362003E8100 /* Frameworks */,
				1B8F90911DDE8362003E8100 /* Headers */,
				1B8F90921DDE8362003E8100 /* Resources */,
			);
			buildRules = (
			);
			dependencies = (
			);
			name = UnityTVEnabler;
			productName = UnityTVEnabler;
			productReference = 1B8F90941DDE8362003E8100 /* UnityTVEnabler.framework */;
			productType = "com.apple.product-type.framework";
		};
/* End PBXNativeTarget section */

/* Begin PBXProject section */
		1B8F908B1DDE8362003E8100 /* Project object */ = {
			isa = PBXProject;
			attributes = {
				LastUpgradeCheck = 0810;
				ORGANIZATIONNAME = MihailoGazda;
				TargetAttributes = {
					1B8F90931DDE8362003E8100 = {
						CreatedOnToolsVersion = 8.1;
						ProvisioningStyle = Manual;
					};
				};
			};
			buildConfigurationList = 1B8F908E1DDE8362003E8100 /* Build configuration list for PBXProject "UnityTVEnabler" */;
			compatibilityVersion = "Xcode 3.2";
			developmentRegion = English;
			hasScannedForEncodings = 0;
			knownRegions = (
				en,
			);
			mainGroup = 1B8F908A1DDE8362003E8100;
			productRefGroup = 1B8F90951DDE8362003E8100 /* Products */;
			projectDirPath = "";
			projectRoot = "";
			targets = (
				1B8F90931DDE8362003E8100 /* UnityTVEnabler */,
			);
		};
/* End PBXProject section */

/* Begin PBXResourcesBuildPhase section */
		1B8F90921DDE8362003E8100 /* Resources */ = {
			isa = PBXResourcesBuildPhase;
			buildActionMask = 2147483647;
			files = (
				1B8F90CA1DDE8C7C003E8100 /* TVEnablerStoryboard.storyboard in Resources */,
			);
			runOnlyForDeploymentPostprocessing = 0;
		};
/* End PBXResourcesBuildPhase section */

/* Begin PBXSourcesBuildPhase section */
		1B8F908F1DDE8362003E8100 /* Sources */ = {
			isa = PBXSourcesBuildPhase;
			buildActionMask = 2147483647;
			files = (
				1B8F90A81DDE8427003E8100 /* TVLog.m in Sources */,
				1B48E6E21DDEAC9C0002ED52 /* TVZipFile.m in Sources */,
				1B48E6DE1DDEAC840002ED52 /* TVFile.m in Sources */,
				1B8F90A41DDE83B3003E8100 /* TVEnabler.m in Sources */,
				1B8F90EF1DDE8D90003E8100 /* TVEnablerViewController.m in Sources */,
				1B48E6D11DDEAB0B0002ED52 /* TVDownloadItem.m in Sources */,
				1B48E6CD1DDEAAF70002ED52 /* TVDownloadManager.m in Sources */,
			);
			runOnlyForDeploymentPostprocessing = 0;
		};
/* End PBXSourcesBuildPhase section */

/* Begin XCBuildConfiguration section */
		1B8F909A1DDE8362003E8100 /* Debug */ = {
			isa = XCBuildConfiguration;
			buildSettings = {
				ALWAYS_SEARCH_USER_PATHS = NO;
				CLANG_ANALYZER_NONNULL = YES;
				CLANG_CXX_LANGUAGE_STANDARD = "gnu++0x";
				CLANG_CXX_LIBRARY = "libc++";
				CLANG_ENABLE_MODULES = YES;
				CLANG_ENABLE_OBJC_ARC = YES;
				CLANG_WARN_BOOL_CONVERSION = YES;
				CLANG_WARN_CONSTANT_CONVERSION = YES;
				CLANG_WARN_DIRECT_OBJC_ISA_USAGE = YES_ERROR;
				CLANG_WARN_DOCUMENTATION_COMMENTS = YES;
				CLANG_WARN_EMPTY_BODY = YES;
				CLANG_WARN_ENUM_CONVERSION = YES;
				CLANG_WARN_INFINITE_RECURSION = YES;
				CLANG_WARN_INT_CONVERSION = YES;
				CLANG_WARN_OBJC_ROOT_CLASS = YES_ERROR;
				CLANG_WARN_SUSPICIOUS_MOVES = YES;
				CLANG_WARN_UNREACHABLE_CODE = YES;
				CLANG_WARN__DUPLICATE_METHOD_MATCH = YES;
				COPY_PHASE_STRIP = NO;
				CURRENT_PROJECT_VERSION = 1;
				DEBUG_INFORMATION_FORMAT = dwarf;
				ENABLE_STRICT_OBJC_MSGSEND = YES;
				ENABLE_TESTABILITY = YES;
				GCC_C_LANGUAGE_STANDARD = gnu99;
				GCC_DYNAMIC_NO_PIC = NO;
				GCC_NO_COMMON_BLOCKS = YES;
				GCC_OPTIMIZATION_LEVEL = 0;
				GCC_PREPROCESSOR_DEFINITIONS = (
					"DEBUG=1",
					"$(inherited)",
				);
				GCC_WARN_64_TO_32_BIT_CONVERSION = YES;
				GCC_WARN_ABOUT_RETURN_TYPE = YES_ERROR;
				GCC_WARN_UNDECLARED_SELECTOR = YES;
				GCC_WARN_UNINITIALIZED_AUTOS = YES_AGGRESSIVE;
				GCC_WARN_UNUSED_FUNCTION = YES;
				GCC_WARN_UNUSED_VARIABLE = YES;
				MTL_ENABLE_DEBUG_INFO = YES;
				ONLY_ACTIVE_ARCH = YES;
				SDKROOT = appletvos;
				TARGETED_DEVICE_FAMILY = 3;
				TVOS_DEPLOYMENT_TARGET = 10.0;
				VERSIONING_SYSTEM = "apple-generic";
				VERSION_INFO_PREFIX = "";
			};
			name = Debug;
		};
		1B8F909B1DDE8362003E8100 /* Release */ = {
			isa = XCBuildConfiguration;
			buildSettings = {
				ALWAYS_SEARCH_USER_PATHS = NO;
				CLANG_ANALYZER_NONNULL = YES;
				CLANG_CXX_LANGUAGE_STANDARD = "gnu++0x";
				CLANG_CXX_LIBRARY = "libc++";
				CLANG_ENABLE_MODULES = YES;
				CLANG_ENABLE_OBJC_ARC = YES;
				CLANG_WARN_BOOL_CONVERSION = YES;
				CLANG_WARN_CONSTANT_CONVERSION = YES;
				CLANG_WARN_DIRECT_OBJC_ISA_USAGE = YES_ERROR;
				CLANG_WARN_DOCUMENTATION_COMMENTS = YES;
				CLANG_WARN_EMPTY_BODY = YES;
				CLANG_WARN_ENUM_CONVERSION = YES;
				CLANG_WARN_INFINITE_RECURSION = YES;
				CLANG_WARN_INT_CONVERSION = YES;
				CLANG_WARN_OBJC_ROOT_CLASS = YES_ERROR;
				CLANG_WARN_SUSPICIOUS_MOVES = YES;
				CLANG_WARN_UNREACHABLE_CODE = YES;
				CLANG_WARN__DUPLICATE_METHOD_MATCH = YES;
				COPY_PHASE_STRIP = NO;
				CURRENT_PROJECT_VERSION = 1;
				DEBUG_INFORMATION_FORMAT = "dwarf-with-dsym";
				ENABLE_NS_ASSERTIONS = NO;
				ENABLE_STRICT_OBJC_MSGSEND = YES;
				GCC_C_LANGUAGE_STANDARD = gnu99;
				GCC_NO_COMMON_BLOCKS = YES;
				GCC_WARN_64_TO_32_BIT_CONVERSION = YES;
				GCC_WARN_ABOUT_RETURN_TYPE = YES_ERROR;
				GCC_WARN_UNDECLARED_SELECTOR = YES;
				GCC_WARN_UNINITIALIZED_AUTOS = YES_AGGRESSIVE;
				GCC_WARN_UNUSED_FUNCTION = YES;
				GCC_WARN_UNUSED_VARIABLE = YES;
				MTL_ENABLE_DEBUG_INFO = NO;
				SDKROOT = appletvos;
				TARGETED_DEVICE_FAMILY = 3;
				TVOS_DEPLOYMENT_TARGET = 10.0;
				VALIDATE_PRODUCT = YES;
				VERSIONING_SYSTEM = "apple-generic";
				VERSION_INFO_PREFIX = "";
			};
			name = Release;
		};
		1B8F909D1DDE8362003E8100 /* Debug */ = {
			isa = XCBuildConfiguration;
			buildSettings = {
				CODE_SIGN_IDENTITY = "";
				DEFINES_MODULE = YES;
				DEVELOPMENT_TEAM = "";
				DYLIB_COMPATIBILITY_VERSION = 1;
				DYLIB_CURRENT_VERSION = 1;
				DYLIB_INSTALL_NAME_BASE = "@rpath";
				INFOPLIST_FILE = UnityTVEnabler/Info.plist;
				INSTALL_PATH = "$(LOCAL_LIBRARY_DIR)/Frameworks";
				LD_RUNPATH_SEARCH_PATHS = "$(inherited) @executable_path/Frameworks @loader_path/Frameworks";
				PRODUCT_BUNDLE_IDENTIFIER = com.mihailogazda;
				PRODUCT_NAME = "$(TARGET_NAME)";
				SKIP_INSTALL = YES;
			};
			name = Debug;
		};
		1B8F909E1DDE8362003E8100 /* Release */ = {
			isa = XCBuildConfiguration;
			buildSettings = {
				CODE_SIGN_IDENTITY = "";
				DEFINES_MODULE = YES;
				DEVELOPMENT_TEAM = "";
				DYLIB_COMPATIBILITY_VERSION = 1;
				DYLIB_CURRENT_VERSION = 1;
				DYLIB_INSTALL_NAME_BASE = "@rpath";
				INFOPLIST_FILE = UnityTVEnabler/Info.plist;
				INSTALL_PATH = "$(LOCAL_LIBRARY_DIR)/Frameworks";
				LD_RUNPATH_SEARCH_PATHS = "$(inherited) @executable_path/Frameworks @loader_path/Frameworks";
				PRODUCT_BUNDLE_IDENTIFIER = com.mihailogazda;
				PRODUCT_NAME = "$(TARGET_NAME)";
				SKIP_INSTALL = YES;
			};
			name = Release;
		};
/* End XCBuildConfiguration section */

/* Begin XCConfigurationList section */
		1B8F908E1DDE8362003E8100 /* Build configuration list for PBXProject "UnityTVEnabler" */ = {
			isa = XCConfigurationList;
			buildConfigurations = (
				1B8F909A1DDE8362003E8100 /* Debug */,
				1B8F909B1DDE8362003E8100 /* Release */,
			);
			defaultConfigurationIsVisible = 0;
			defaultConfigurationName = Release;
		};
		1B8F909C1DDE8362003E8100 /* Build configuration list for PBXNativeTarget "UnityTVEnabler" */ = {
			isa = XCConfigurationList;
			buildConfigurations = (
				1B8F909D1DDE8362003E8100 /* Debug */,
				1B8F909E1DDE8362003E8100 /* Release */,
			);
			defaultConfigurationIsVisible = 0;
			defaultConfigurationName = Release;
		};
/* End XCConfigurationList section */
	};
	rootObject = 1B8F908B1DDE8362003E8100 /* Project object */;
}
